# THIS IS AN AUTOGENERATED FILE. DO NOT EDIT THIS FILE DIRECTLY.
# yarn lockfile v1


bootstrap@^4.4.1:
  version "4.4.1"
  resolved "https://registry.yarnpkg.com/bootstrap/-/bootstrap-4.4.1.tgz#8582960eea0c5cd2bede84d8b0baf3789c3e8b01"
  integrity sha512-tbx5cHubwE6e2ZG7nqM3g/FZ5PQEDMWmMGNrCUBVRPHXTJaH7CBDdsLeu3eCh3B1tzAxTnAbtmrzvWEvT2NNEA==

<<<<<<< HEAD
jquery@^3.4.1:
  version "3.4.1"
  resolved "https://registry.yarnpkg.com/jquery/-/jquery-3.4.1.tgz#714f1f8d9dde4bdfa55764ba37ef214630d80ef2"
  integrity sha512-36+AdBzCL+y6qjw5Tx7HgzeGCzC81MDDgaUP8ld2zhx58HdqXGoBd+tHdrBMiyjGQs0Hxs/MLZTu/eHNJJuWPw==

servor@^3.2.0:
  version "3.2.0"
  resolved "https://registry.yarnpkg.com/servor/-/servor-3.2.0.tgz#d630025ac69a7da7724bd6e1f02d65f9a56f8cca"
  integrity sha512-L9wmcl6AMlDN4DOmnjpY2ZoWmC3c6h4dxAug5oNq1uQrV2ZuPc6pKejwsZ23EBo7Sw0nZUZ8zN0qswHc/JZs2g==
=======
jquery@^3.4.0:
  version "3.4.0"
  resolved "https://registry.yarnpkg.com/jquery/-/jquery-3.4.0.tgz#8de513fa0fa4b2c7d2e48a530e26f0596936efdf"
>>>>>>> origin/dependabot/npm_and_yarn/demo/jquery-3.4.0
